
Microsoft Visual Studio Solution File, Format Version 12.00
# Visual Studio 2013
VisualStudioVersion = 12.0.21005.1
MinimumVisualStudioVersion = 10.0.40219.1
Project("{F184B08F-C81C-45F6-A57F-5ABD9991F28F}") = "Index", "Index\Index.vbproj", "{E78F119A-B6A2-4B61-A7BE-7D83DD2A2CDB}"
EndProject
Global
	GlobalSection(SolutionConfigurationPlatforms) = preSolution
		Debug|Any CPU = Debug|Any CPU
		Release|Any CPU = Release|Any CPU
	EndGlobalSection
	GlobalSection(ProjectConfigurationPlatforms) = postSolution
		{E78F119A-B6A2-4B61-A7BE-7D83DD2A2CDB}.Debug|Any CPU.ActiveCfg = Debug|Any CPU
		{E78F119A-B6A2-4B61-A7BE-7D83DD2A2CDB}.Debug|Any CPU.Build.0 = Debug|Any CPU
		{E78F119A-B6A2-4B61-A7BE-7D83DD2A2CDB}.Release|Any CPU.ActiveCfg = Release|Any CPU
		{E78F119A-B6A2-4B61-A7BE-7D83DD2A2CDB}.Release|Any CPU.Build.0 = Release|Any CPU
	EndGlobalSection
	GlobalSection(SolutionProperties) = preSolution
		HideSolutionNode = FALSE
	EndGlobalSection
EndGlobal
